
Microsoft Visual Studio Solution File, Format Version 12.00
Project("{FAE04EC0-301F-11D3-BF4B-00C04F79EFBC}") = "HttpServer", "HttpServer\HttpServer.csproj", "{5A5008A1-3BA9-4BB6-B54F-3743B11D0FDC}"
EndProject
Global
	GlobalSection(SolutionConfigurationPlatforms) = preSolution
		Debug|Any CPU = Debug|Any CPU
		Release|Any CPU = Release|Any CPU
	EndGlobalSection
	GlobalSection(ProjectConfigurationPlatforms) = postSolution
		{5A5008A1-3BA9-4BB6-B54F-3743B11D0FDC}.Debug|Any CPU.ActiveCfg = Debug|Any CPU
		{5A5008A1-3BA9-4BB6-B54F-3743B11D0FDC}.Debug|Any CPU.Build.0 = Debug|Any CPU
		{5A5008A1-3BA9-4BB6-B54F-3743B11D0FDC}.Release|Any CPU.ActiveCfg = Release|Any CPU
		{5A5008A1-3BA9-4BB6-B54F-3743B11D0FDC}.Release|Any CPU.Build.0 = Release|Any CPU
	EndGlobalSection
EndGlobal
