
Microsoft Visual Studio Solution File, Format Version 12.00
# 
Project("{FAE04EC0-301F-11D3-BF4B-00C04F79EFBC}") = "HttpServer", "HttpServer\HttpServer.csproj", "{5A5008A1-3BA9-4BB6-B54F-3743B11D0FDC}"
EndProject
Project("{FAE04EC0-301F-11D3-BF4B-00C04F79EFBC}") = "Calculator", "Calculator\Calculator.csproj", "{61F64837-6718-4274-97D1-5E7C4DACF36B}"
EndProject
Project("{FAE04EC0-301F-11D3-BF4B-00C04F79EFBC}") = "GrpcServer", "GrpcServer\GrpcServer.csproj", "{8E2A6B73-AE26-47DD-8979-0A3210A67C7C}"
EndProject
Project("{FAE04EC0-301F-11D3-BF4B-00C04F79EFBC}") = "GrpcClient", "GrpcClient\GrpcClient.csproj", "{8E71D6A4-3A01-4AE1-8BCB-1C562FFD25B4}"
EndProject
Project("{FAE04EC0-301F-11D3-BF4B-00C04F79EFBC}") = "IsolatedFunction", "IsolatedFunction\IsolatedFunction.csproj", "{C4A9C01C-DF1A-4390-BE50-FF0275127413}"
EndProject
Global
	GlobalSection(SolutionConfigurationPlatforms) = preSolution
		Debug|Any CPU = Debug|Any CPU
		Release|Any CPU = Release|Any CPU
	EndGlobalSection
	GlobalSection(ProjectConfigurationPlatforms) = postSolution
		{5A5008A1-3BA9-4BB6-B54F-3743B11D0FDC}.Debug|Any CPU.ActiveCfg = Debug|Any CPU
		{5A5008A1-3BA9-4BB6-B54F-3743B11D0FDC}.Debug|Any CPU.Build.0 = Debug|Any CPU
		{5A5008A1-3BA9-4BB6-B54F-3743B11D0FDC}.Release|Any CPU.ActiveCfg = Release|Any CPU
		{5A5008A1-3BA9-4BB6-B54F-3743B11D0FDC}.Release|Any CPU.Build.0 = Release|Any CPU
		{61F64837-6718-4274-97D1-5E7C4DACF36B}.Debug|Any CPU.ActiveCfg = Debug|Any CPU
		{61F64837-6718-4274-97D1-5E7C4DACF36B}.Debug|Any CPU.Build.0 = Debug|Any CPU
		{61F64837-6718-4274-97D1-5E7C4DACF36B}.Release|Any CPU.ActiveCfg = Release|Any CPU
		{61F64837-6718-4274-97D1-5E7C4DACF36B}.Release|Any CPU.Build.0 = Release|Any CPU
		{8E2A6B73-AE26-47DD-8979-0A3210A67C7C}.Debug|Any CPU.ActiveCfg = Debug|Any CPU
		{8E2A6B73-AE26-47DD-8979-0A3210A67C7C}.Debug|Any CPU.Build.0 = Debug|Any CPU
		{8E2A6B73-AE26-47DD-8979-0A3210A67C7C}.Release|Any CPU.ActiveCfg = Release|Any CPU
		{8E2A6B73-AE26-47DD-8979-0A3210A67C7C}.Release|Any CPU.Build.0 = Release|Any CPU
		{8E71D6A4-3A01-4AE1-8BCB-1C562FFD25B4}.Debug|Any CPU.ActiveCfg = Debug|Any CPU
		{8E71D6A4-3A01-4AE1-8BCB-1C562FFD25B4}.Debug|Any CPU.Build.0 = Debug|Any CPU
		{8E71D6A4-3A01-4AE1-8BCB-1C562FFD25B4}.Release|Any CPU.ActiveCfg = Release|Any CPU
		{8E71D6A4-3A01-4AE1-8BCB-1C562FFD25B4}.Release|Any CPU.Build.0 = Release|Any CPU
		{C4A9C01C-DF1A-4390-BE50-FF0275127413}.Debug|Any CPU.ActiveCfg = Debug|Any CPU
		{C4A9C01C-DF1A-4390-BE50-FF0275127413}.Debug|Any CPU.Build.0 = Debug|Any CPU
		{C4A9C01C-DF1A-4390-BE50-FF0275127413}.Release|Any CPU.ActiveCfg = Release|Any CPU
		{C4A9C01C-DF1A-4390-BE50-FF0275127413}.Release|Any CPU.Build.0 = Release|Any CPU
	EndGlobalSection
EndGlobal
